
Microsoft Visual Studio Solution File, Format Version 12.00
# Visual Studio Version 17
VisualStudioVersion = 17.14.36408.4 d17.14
MinimumVisualStudioVersion = 10.0.40219.1
Project("{FAE04EC0-301F-11D3-BF4B-00C04F79EFBC}") = "WebApplication1", "WebApplication1\WebApplication1.csproj", "{8FFBE016-368D-40E6-8D06-7B2A88927DB5}"
EndProject
Global
	GlobalSection(SolutionConfigurationPlatforms) = preSolution
		Debug|Any CPU = Debug|Any CPU
		Release|Any CPU = Release|Any CPU
	EndGlobalSection
	GlobalSection(ProjectConfigurationPlatforms) = postSolution
		{8FFBE016-368D-40E6-8D06-7B2A88927DB5}.Debug|Any CPU.ActiveCfg = Debug|Any CPU
		{8FFBE016-368D-40E6-8D06-7B2A88927DB5}.Debug|Any CPU.Build.0 = Debug|Any CPU
		{8FFBE016-368D-40E6-8D06-7B2A88927DB5}.Release|Any CPU.ActiveCfg = Release|Any CPU
		{8FFBE016-368D-40E6-8D06-7B2A88927DB5}.Release|Any CPU.Build.0 = Release|Any CPU
	EndGlobalSection
	GlobalSection(SolutionProperties) = preSolution
		HideSolutionNode = FALSE
	EndGlobalSection
	GlobalSection(ExtensibilityGlobals) = postSolution
		SolutionGuid = {22E397E4-7BF9-42D3-A1FA-0B7A24117B62}
	EndGlobalSection
EndGlobal
